
Microsoft Visual Studio Solution File, Format Version 12.00
# Visual Studio Version 17
VisualStudioVersion = 17.4.33213.308
MinimumVisualStudioVersion = 10.0.40219.1
Project("{FAE04EC0-301F-11D3-BF4B-00C04F79EFBC}") = "FootballManager", "FootballManager.csproj", "{380B29A0-437E-4D31-A652-29100DF903E9}"
EndProject
Global
	GlobalSection(SolutionConfigurationPlatforms) = preSolution
		Debug|Any CPU = Debug|Any CPU
		Release|Any CPU = Release|Any CPU
	EndGlobalSection
	GlobalSection(ProjectConfigurationPlatforms) = postSolution
		{380B29A0-437E-4D31-A652-29100DF903E9}.Debug|Any CPU.ActiveCfg = Debug|Any CPU
		{380B29A0-437E-4D31-A652-29100DF903E9}.Debug|Any CPU.Build.0 = Debug|Any CPU
		{380B29A0-437E-4D31-A652-29100DF903E9}.Release|Any CPU.ActiveCfg = Release|Any CPU
		{380B29A0-437E-4D31-A652-29100DF903E9}.Release|Any CPU.Build.0 = Release|Any CPU
	EndGlobalSection
	GlobalSection(SolutionProperties) = preSolution
		HideSolutionNode = FALSE
	EndGlobalSection
	GlobalSection(ExtensibilityGlobals) = postSolution
		SolutionGuid = {51DEC0E7-A81E-48B3-88B6-6211DD76AB89}
	EndGlobalSection
EndGlobal
